github.com/BurntSushi/toml v0.3.1/go.mod h1:xHWCNGjB5oqiDr8zfno3MHue2Ht5sIBksp03qcyfWMU=
github.com/badtheory/fuse v0.0.0-20190910151953-b794b66df214 h1:tuS6DZhwOKzmFpYUb+zHvrXyJsHODCy3z93fTwo7DIE=
github.com/badtheory/fuse v0.0.0-20190910151953-b794b66df214/go.mod h1:Jt4MQgVIUuOUKeYlr+IPvWrWwmIfJMKZgt20/RFQ6f8=
github.com/badtheory/informer v0.0.0-20190906114229-f13576948a1f h1:paYc7Tlq8/c0CK+aOh0LKsKObYELHaKHzETL7XTtZOI=
github.com/badtheory/informer v0.0.0-20190906114229-f13576948a1f/go.mod h1:wkyWMwNVFhN9pIrzLLK3IddoF605Y08i/NxIFkoCcuA=
github.com/badtheory/static v0.0.0-20190910102759-fcaa9b0a89f8 h1:cQVR6XWnb51i2ZLLtovW7/lQCx+/YKngY7rEdEONyCg=
github.com/badtheory/static v0.0.0-20190910102759-fcaa9b0a89f8/go.mod h1:2krjL9by/n5l98hVZCvzhoNQj8sMVWhlfTpuFztw6Xk=
github.com/badtheory/static v0.0.0-20191002112621-351bad0b6a83 h1:AAaojNmtGjUDer5Sjzd0sgNSUHjD4Z2ePK9+75xtSIU=
github.com/badtheory/static v0.0.0-20191002112621-351bad0b6a83/go.mod h1:2krjL9by/n5l98hVZCvzhoNQj8sMVWhlfTpuFztw6Xk=
github.com/badtheory/static v0.0.0-20191002113611-cb7b7a844555 h1:xunctJc0qlPiR6ougAz2lw+tEsLY6v5JEzTCFaooJSg=
github.com/badtheory/static v0.0.0-20191002113611-cb7b7a844555/go.mod h1:2krjL9by/n5l98hVZCvzhoNQj8sMVWhlfTpuFztw6Xk=
github.com/badtheory/static v0.0.0-20191002113628-250144781818 h1:1Xyrk5GIhMSRS3LyiOig5F8DBm/WZe3x/kGIyBy459g=
github.com/badtheory/static v0.0.0-20191002113628-250144781818/go.mod h1:2krjL9by/n5l98hVZCvzhoNQj8sMVWhlfTpuFztw6Xk=
github.com/badtheory/static v0.0.0-20191002115316-b7746830e6bb h1:KDoJj/d/zrRqvrSZrnSCMZQiUE36hzfEYI1FMdf5WXI=
github.com/badtheory/static v0.0.0-20191002115316-b7746830e6bb/go.mod h1:2krjL9by/n5l98hVZCvzhoNQj8sMVWhlfTpuFztw6Xk=
github.com/badtheory/static v0.0.0-20191002115356-fa640519a601 h1:Jn784ga92ZzE38De4wyr1vqfVsm3kwoBgkUur1DQzkk=
github.com/badtheory/static v0.0.0-20191002115356-fa640519a601/go.mod h1:2krjL9by/n5l98hVZCvzhoNQj8sMVWhlfTpuFztw6Xk=
github.com/badtheory/static v0.0.0-20191002115831-75340128e555 h1:+3D/5Obc6OJ5NiivHP93s22VCC95bCBBBu7kJrqG9ME=
github.com/badtheory/static v0.0.0-20191002115831-75340128e555/go.mod h1:2krjL9by/n5l98hVZCvzhoNQj8sMVWhlfTpuFztw6Xk=
github.com/badtheory/static v0.0.0-20191002115905-219be9e94320 h1:e8tfjDZXnBvv2QyeElIKLZQ5+XfmnVlbigb8f0p0Oys=
github.com/badtheory/static v0.0.0-20191002115905-219be9e94320/go.mod h1:2krjL9by/n5l98hVZCvzhoNQj8sMVWhlfTpuFztw6Xk=
github.com/badtheory/static v0.0.0-20191002120116-ec1a003d3803 h1:1M8XKdx6NHc8QOJ1oibyM5BP00WkvF/opKk+v93oBaw=
github.com/badtheory/static v0.0.0-20191002120116-ec1a003d3803/go.mod h1:2krjL9by/n5l98hVZCvzhoNQj8sMVWhlfTpuFztw6Xk=
github.com/badtheory/static v0.0.0-20191002120255-92ee033c749a h1:W8CGkh9bkzsSLPnkKivrbIKv6v/F1IZGKvRM7jHYQGA=
github.com/badtheory/static v0.0.0-20191002120255-92ee033c749a/go.mod h1:2krjL9by/n5l98hVZCvzhoNQj8sMVWhlfTpuFztw6Xk=
github.com/badtheory/static v0.0.0-20191002120325-4ca164193120 h1:Pz3xkQqjjDkdKqDsezNVHymTkkF6jq8OoGCGfqWdiQ0=
github.com/badtheory/static v0.0.0-20191002120325-4ca164193120/go.mod h1:2krjL9by/n5l98hVZCvzhoNQj8sMVWhlfTpuFztw6Xk=
github.com/badtheory/static v0.0.0-20191002120420-f09706164173 h1:dDSflDj5erMnxS37jCpVbH/20PJaRWh7PSmAIMdQtdE=
github.com/badtheory/static v0.0.0-20191002120420-f09706164173/go.mod h1:2krjL9by/n5l98hVZCvzhoNQj8sMVWhlfTpuFztw6Xk=
github.com/badtheory/static v0.0.0-20191002120559-37bddec00194 h1:PqtuNI/QwwPG8eUpOLFdCmbHZeu2cN5Lw3MC4JJOnUQ=
github.com/badtheory/static v0.0.0-20191002120559-37bddec00194/go.mod h1:2krjL9by/n5l98hVZCvzhoNQj8sMVWhlfTpuFztw6Xk=
github.com/badtheory/static v0.0.0-20191002120612-29aa68f3984c h1:UwvrX7l0+DGfKm2auZnupwWvaFBzMXJ6ug9dHGrSK0I=
github.com/badtheory/static v0.0.0-20191002120612-29aa68f3984c/go.mod h1:2krjL9by/n5l98hVZCvzhoNQj8sMVWhlfTpuFztw6Xk=
github.com/badtheory/static v0.0.0-20191002130441-709f3452fd55 h1:NriFX0Wm7c1k8DhyGbcbxdoTDasXmWZMGUDQ1MZD+uk=
github.com/badtheory/static v0.0.0-20191002130441-709f3452fd55/go.mod h1:2krjL9by/n5l98hVZCvzhoNQj8sMVWhlfTpuFztw6Xk=
github.com/badtheory/static v0.0.0-20191002130733-f1072b0e057c h1:amuv1+OFjFTdezevV7zD5iCt89vpEt9+7D3obnczXfU=
github.com/badtheory/static v0.0.0-20191002130733-f1072b0e057c/go.mod h1:2krjL9by/n5l98hVZCvzhoNQj8sMVWhlfTpuFztw6Xk=
github.com/badtheory/static v0.0.0-20191002130815-643525cfdd0e h1:yu5bO2+YyaW99f+UvykUL80gzR1TRrYSOselje7532c=
github.com/badtheory/static v0.0.0-20191002130815-643525cfdd0e/go.mod h1:2krjL9by/n5l98hVZCvzhoNQj8sMVWhlfTpuFztw6Xk=
github.com/badtheory/static v0.0.0-20191002132052-0bacdf91160a h1:v7KYXQWMqKScj5hHj/7XLXlqj0I/0hXQhLgUCDnMFPM=
github.com/badtheory/static v0.0.0-20191002132052-0bacdf91160a/go.mod h1:2krjL9by/n5l98hVZCvzhoNQj8sMVWhlfTpuFztw6Xk=
github.com/badtheory/static v0.0.0-20191002132725-7d9044e17a34 h1:Ek5txMpxhUwhpingAvQVhmAViBH2dMra479YV4NjOLQ=
github.com/badtheory/static v0.0.0-20191002132725-7d9044e17a34/go.mod h1:2krjL9by/n5l98hVZCvzhoNQj8sMVWhlfTpuFztw6Xk=
github.com/badtheory/static v0.0.0-20191002132824-d923cc8c020a h1:avsYRQJECSkI3NLfOieIECzAQFpZqE3muTfHWHpAcJo=
github.com/badtheory/static v0.0.0-20191002132824-d923cc8c020a/go.mod h1:2krjL9by/n5l98hVZCvzhoNQj8sMVWhlfTpuFztw6Xk=
github.com/badtheory/worst v0.0.0-20190924101320-5b65f962abef h1:1ZMiHR30hY1sjy1rE3CKMl081sXrqogMH7d3R1AIyI0=
github.com/badtheory/worst v0.0.0-20190924101320-5b65f962abef/go.mod h1:tnMIfWL12ZGuZg/skfLl1tsDJhzA1/jSrKJLgeX3cXM=
github.com/badtheory/worst v0.0.0-20191002132131-facfd9dcf1dc h1:MkfNhzlFXngavvn9Q0As0/1ejeCVpLXsPSviovHom3E=
github.com/badtheory/worst v0.0.0-20191002132131-facfd9dcf1dc/go.mod h1:tnMIfWL12ZGuZg/skfLl1tsDJhzA1/jSrKJLgeX3cXM=
github.com/codegangsta/negroni v1.0.0/go.mod h1:v0y3T5G7Y1UlFfyxFn/QLRU4a2EuNau2iZY63YTKWo0=
github.com/creasty/defaults v1.3.0 h1:uG+RAxYbJgOPCOdKEcec9ZJXeva7Y6mj/8egdzwmLtw=
github.com/creasty/defaults v1.3.0/go.mod h1:CIEEvs7oIVZm30R8VxtFJs+4k201gReYyuYHJxZc68I=
github.com/davecgh/go-spew v1.1.1/go.mod h1:J7Y8YcW2NihsgmVo/mv3lAwl/skON4iLHjSsI+c5H38=
github.com/eknkc/amber v0.0.0-20171010120322-cdade1c07385/go.mod h1:0vRUJqYpeSZifjYj7uP3BG/gKcuzL9xWVV/Y+cK33KM=
github.com/gabriel-vasile/mimetype v0.3.18 h1:nSVMhs6i5wo99Ib8t5jCiA6QJV7VlHJh9C+sA8G5ytw=
github.com/gabriel-vasile/mimetype v0.3.18/go.mod h1:kMJbg3SlWZCsj4R73F1WDzbT9AyGCOVmUtIxxwO5pmI=
github.com/go-chi/chi v4.0.2+incompatible h1:maB6vn6FqCxrpz4FqWdh4+lwpyZIQS7YEAUcHlgXVRs=
github.com/go-chi/chi v4.0.2+incompatible/go.mod h1:eB3wogJHnLi3x/kFX2A+IbTBlXxmMeXJVKy9tTv1XzQ=
github.com/go-chi/cors v1.0.0 h1:e6x8k7uWbUwYs+aXDoiUzeQFT6l0cygBYyNhD7/1Tg0=
github.com/go-chi/cors v1.0.0/go.mod h1:K2Yje0VW/SJzxiyMYu6iPQYa7hMjQX2i/F491VChg1I=
github.com/logrusorgru/aurora v0.0.0-20190803045625-94edacc10f9b h1:PMbSa9CgaiQR9NLlUTwKi+7aeLl3GG5JX5ERJxfQ3IE=
github.com/logrusorgru/aurora v0.0.0-20190803045625-94edacc10f9b/go.mod h1:7rIyQOR62GCctdiQpZ/zOJlFyk6y+94wXzv6RNZgaR4=
github.com/pkg/errors v0.8.1/go.mod h1:bwawxfHBFNV+L2hUp1rHADufV3IMtnDRdf1r5NINEl0=
github.com/pmezard/go-difflib v1.0.0/go.mod h1:iKH77koFhYxTK1pcRnkKkqfTogsbg7gZNVY4sRDYZ/4=
github.com/stretchr/testify v1.2.2/go.mod h1:a8OnRcib4nhh0OaRAV+Yts87kKdq0PP7pXfy6kDkUVs=
github.com/unrolled/render v1.0.1 h1:VDDnQQVfBMsOsp3VaCJszSO0nkBIVEYoPWeRThk9spY=
github.com/unrolled/render v1.0.1/go.mod h1:gN9T0NhL4Bfbwu8ann7Ry/TGHYfosul+J0obPf6NBdM=
github.com/unrolled/secure v1.0.1 h1:PZ79/VmnyIrDWRAUp9lWSwmckdf8H0v9djiqZxAb8Tc=
github.com/unrolled/secure v1.0.1/go.mod h1:R6rugAuzh4TQpbFAq69oqZggyBQxFRFQIewtz5z7Jsc=
go.uber.org/atomic v1.4.0 h1:cxzIVoETapQEqDhQu3QfnvXAV4AlzcvUCxkVUFw3+EU=
go.uber.org/atomic v1.4.0/go.mod h1:gD2HeocX3+yG+ygLZcrzQJaqmWj9AIm7n08wl/qW/PE=
go.uber.org/multierr v1.1.0 h1:HoEmRHQPVSqub6w2z2d2EOVs2fjyFRGyofhKuyDq0QI=
go.uber.org/multierr v1.1.0/go.mod h1:wR5kodmAFQ0UK8QlbwjlSNy0Z68gJhDJUG5sjR94q/0=
go.uber.org/zap v1.10.0 h1:ORx85nbTijNz8ljznvCMR1ZBIPKFn3jQrag10X2AsuM=
go.uber.org/zap v1.10.0/go.mod h1:vwi/ZaCAaUcBkycHslxD9B2zi4UTXhF60s6SWpuDF0Q=
golang.org/x/crypto v0.0.0-20190308221718-c2843e01d9a2/go.mod h1:djNgcEr1/C05ACkg1iLfiJU5Ep61QUkGW8qpdssI0+w=
golang.org/x/net v0.0.0-20190827160401-ba9fcec4b297/go.mod h1:z5CRVTTTmAJ677TzLLGU+0bjPO0LkuOLi4/5GtJWs/s=
golang.org/x/sys v0.0.0-20190215142949-d0b11bdaac8a/go.mod h1:STP8DvDyc/dI5b8T5hshtkjS+E42TnysNCUPdjciGhY=
golang.org/x/text v0.3.0/go.mod h1:NqM8EUOU14njkJ3fqMW+pc6Ldnwhi/IjpwHt7yyuwOQ=
gopkg.in/check.v1 v0.0.0-20161208181325-20d25e280405/go.mod h1:Co6ibVJAznAaIkqp8huTwlJQCZ016jof/cbN4VW5Yz0=
gopkg.in/natefinch/lumberjack.v2 v2.0.0 h1:1Lc07Kr7qY4U2YPouBjpCLxpiyxIVoxqXgkXLknAOE8=
gopkg.in/natefinch/lumberjack.v2 v2.0.0/go.mod h1:l0ndWWf7gzL7RNwBG7wST/UCcT4T24xpD6X8LsfU/+k=
gopkg.in/yaml.v2 v2.2.2/go.mod h1:hI93XBmqTisBFMUTm0b8Fm+jr3Dg1NNxqwp+5A1VGuI=
